
Microsoft Visual Studio Solution File, Format Version 12.00
Project("{2150E333-8FDC-42A3-9474-1A3956D46DE8}") = "files", "files", "{357B2FDE-90DA-45AB-88B0-E77DFE5E8482}"
ProjectSection(SolutionItems) = preProject
	README.md = README.md
	.gitignore = .gitignore
EndProjectSection
EndProject
Project("{2150E333-8FDC-42A3-9474-1A3956D46DE8}") = "src", "src", "{8CCB995A-2F68-47DF-8C6E-CE9DCB10803A}"
EndProject
Project("{2150E333-8FDC-42A3-9474-1A3956D46DE8}") = "tests", "tests", "{F33BC466-255B-4B9C-B235-7E677BEE0BAA}"
EndProject
Project("{FAE04EC0-301F-11D3-BF4B-00C04F79EFBC}") = "Scaffold", "src\Scaffold\Scaffold.csproj", "{D2FCDAA7-0C07-499D-A0E2-F05BF22C76F7}"
EndProject
Project("{FAE04EC0-301F-11D3-BF4B-00C04F79EFBC}") = "Scaffold.Tests", "tests\Scaffold.Tests\Scaffold.Tests.csproj", "{55909D57-D8E3-4A6A-9A8B-6F0A2BAED7C3}"
EndProject
Global
	GlobalSection(SolutionConfigurationPlatforms) = preSolution
		Debug|Any CPU = Debug|Any CPU
		Release|Any CPU = Release|Any CPU
	EndGlobalSection
	GlobalSection(NestedProjects) = preSolution
		{D2FCDAA7-0C07-499D-A0E2-F05BF22C76F7} = {8CCB995A-2F68-47DF-8C6E-CE9DCB10803A}
		{55909D57-D8E3-4A6A-9A8B-6F0A2BAED7C3} = {F33BC466-255B-4B9C-B235-7E677BEE0BAA}
	EndGlobalSection
	GlobalSection(ProjectConfigurationPlatforms) = postSolution
		{D2FCDAA7-0C07-499D-A0E2-F05BF22C76F7}.Debug|Any CPU.ActiveCfg = Debug|Any CPU
		{D2FCDAA7-0C07-499D-A0E2-F05BF22C76F7}.Debug|Any CPU.Build.0 = Debug|Any CPU
		{D2FCDAA7-0C07-499D-A0E2-F05BF22C76F7}.Release|Any CPU.ActiveCfg = Release|Any CPU
		{D2FCDAA7-0C07-499D-A0E2-F05BF22C76F7}.Release|Any CPU.Build.0 = Release|Any CPU
		{55909D57-D8E3-4A6A-9A8B-6F0A2BAED7C3}.Debug|Any CPU.ActiveCfg = Debug|Any CPU
		{55909D57-D8E3-4A6A-9A8B-6F0A2BAED7C3}.Debug|Any CPU.Build.0 = Debug|Any CPU
		{55909D57-D8E3-4A6A-9A8B-6F0A2BAED7C3}.Release|Any CPU.ActiveCfg = Release|Any CPU
		{55909D57-D8E3-4A6A-9A8B-6F0A2BAED7C3}.Release|Any CPU.Build.0 = Release|Any CPU
	EndGlobalSection
EndGlobal
